// !$*UTF8*$!
{
	archiveVersion = 1;
	classes = {
	};
	objectVersion = 46;
	objects = {

/* Begin PBXBuildFile section */
		CCE92A841B3A84D600A38071 /* AppDelegate.swift in Sources */ = {isa = PBXBuildFile; fileRef = CCE92A831B3A84D600A38071 /* AppDelegate.swift */; };
		CCE92A861B3A84D600A38071 /* ViewController.swift in Sources */ = {isa = PBXBuildFile; fileRef = CCE92A851B3A84D600A38071 /* ViewController.swift */; };
		CCE92A891B3A84D600A38071 /* Main.storyboard in Resources */ = {isa = PBXBuildFile; fileRef = CCE92A871B3A84D600A38071 /* Main.storyboard */; };
		CCE92A8B1B3A84D600A38071 /* Images.xcassets in Resources */ = {isa = PBXBuildFile; fileRef = CCE92A8A1B3A84D600A38071 /* Images.xcassets */; };
		CCE92A8E1B3A84D600A38071 /* LaunchScreen.xib in Resources */ = {isa = PBXBuildFile; fileRef = CCE92A8C1B3A84D600A38071 /* LaunchScreen.xib */; };
		CCE92A9A1B3A84D600A38071 /* AutoPlayInWKWebViewTests.swift in Sources */ = {isa = PBXBuildFile; fileRef = CCE92A991B3A84D600A38071 /* AutoPlayInWKWebViewTests.swift */; };
		CCE92AA91B3A869000A38071 /* sound in Resources */ = {isa = PBXBuildFile; fileRef = CCE92AA81B3A869000A38071 /* sound */; };
/* End PBXBuildFile section */

/* Begin PBXContainerItemProxy section */
		CCE92A941B3A84D600A38071 /* PBXContainerItemProxy */ = {
			isa = PBXContainerItemProxy;
			containerPortal = CCE92A761B3A84D600A38071 /* Project object */;
			proxyType = 1;
			remoteGlobalIDString = CCE92A7D1B3A84D600A38071;
			remoteInfo = AutoPlayInWKWebView;
		};
/* End PBXContainerItemProxy section */

/* Begin PBXFileReference section */
		CCE92A7E1B3A84D600A38071 /* AutoPlayInWKWebView.app */ = {isa = PBXFileReference; explicitFileType = wrapper.application; includeInIndex = 0; path = AutoPlayInWKWebView.app; sourceTree = BUILT_PRODUCTS_DIR; };
		CCE92A821B3A84D600A38071 /* Info.plist */ = {isa = PBXFileReference; lastKnownFileType = text.plist.xml; path = Info.plist; sourceTree = "<group>"; };
		CCE92A831B3A84D600A38071 /* AppDelegate.swift */ = {isa = PBXFileReference; lastKnownFileType = sourcecode.swift; path = AppDelegate.swift; sourceTree = "<group>"; };
		CCE92A851B3A84D600A38071 /* ViewController.swift */ = {isa = PBXFileReference; lastKnownFileType = sourcecode.swift; path = ViewController.swift; sourceTree = "<group>"; };
		CCE92A881B3A84D600A38071 /* Base */ = {isa = PBXFileReference; lastKnownFileType = file.storyboard; name = Base; path = Base.lproj/Main.storyboard; sourceTree = "<group>"; };
		CCE92A8A1B3A84D600A38071 /* Images.xcassets */ = {isa = PBXFileReference; lastKnownFileType = folder.assetcatalog; path = Images.xcassets; sourceTree = "<group>"; };
		CCE92A8D1B3A84D600A38071 /* Base */ = {isa = PBXFileReference; lastKnownFileType = file.xib; name = Base; path = Base.lproj/LaunchScreen.xib; sourceTree = "<group>"; };
		CCE92A931B3A84D600A38071 /* AutoPlayInWKWebViewTests.xctest */ = {isa = PBXFileReference; explicitFileType = wrapper.cfbundle; includeInIndex = 0; path = AutoPlayInWKWebViewTests.xctest; sourceTree = BUILT_PRODUCTS_DIR; };
		CCE92A981B3A84D600A38071 /* Info.plist */ = {isa = PBXFileReference; lastKnownFileType = text.plist.xml; path = Info.plist; sourceTree = "<group>"; };
		CCE92A991B3A84D600A38071 /* AutoPlayInWKWebViewTests.swift */ = {isa = PBXFileReference; lastKnownFileType = sourcecode.swift; path = AutoPlayInWKWebViewTests.swift; sourceTree = "<group>"; };
		CCE92AA81B3A869000A38071 /* sound */ = {isa = PBXFileReference; lastKnownFileType = folder; path = sound; sourceTree = "<group>"; };
/* End PBXFileReference section */

/* Begin PBXFrameworksBuildPhase section */
		CCE92A7B1B3A84D600A38071 /* Frameworks */ = {
			isa = PBXFrameworksBuildPhase;
			buildActionMask = 2147483647;
			files = (
			);
			runOnlyForDeploymentPostprocessing = 0;
		};
		CCE92A901B3A84D600A38071 /* Frameworks */ = {
			isa = PBXFrameworksBuildPhase;
			buildActionMask = 2147483647;
			files = (
			);
			runOnlyForDeploymentPostprocessing = 0;
		};
/* End PBXFrameworksBuildPhase section */

/* Begin PBXGroup section */
		CCE92A751B3A84D600A38071 = {
			isa = PBXGroup;
			children = (
				CCE92A801B3A84D600A38071 /* AutoPlayInWKWebView */,
				CCE92A961B3A84D600A38071 /* AutoPlayInWKWebViewTests */,
				CCE92A7F1B3A84D600A38071 /* Products */,
			);
			sourceTree = "<group>";
		};
		CCE92A7F1B3A84D600A38071 /* Products */ = {
			isa = PBXGroup;
			children = (
				CCE92A7E1B3A84D600A38071 /* AutoPlayInWKWebView.app */,
				CCE92A931B3A84D600A38071 /* AutoPlayInWKWebViewTests.xctest */,
			);
			name = Products;
			sourceTree = "<group>";
		};
		CCE92A801B3A84D600A38071 /* AutoPlayInWKWebView */ = {
			isa = PBXGroup;
			children = (
				CCE92A831B3A84D600A38071 /* AppDelegate.swift */,
				CCE92A851B3A84D600A38071 /* ViewController.swift */,
				CCE92A871B3A84D600A38071 /* Main.storyboard */,
				CCE92A8A1B3A84D600A38071 /* Images.xcassets */,
				CCE92A8C1B3A84D600A38071 /* LaunchScreen.xib */,
				CCE92A811B3A84D600A38071 /* Supporting Files */,
			);
			path = AutoPlayInWKWebView;
			sourceTree = "<group>";
		};
		CCE92A811B3A84D600A38071 /* Supporting Files */ = {
			isa = PBXGroup;
			children = (
				CCE92AA81B3A869000A38071 /* sound */,
				CCE92A821B3A84D600A38071 /* Info.plist */,
			);
			name = "Supporting Files";
			sourceTree = "<group>";
		};
		CCE92A961B3A84D600A38071 /* AutoPlayInWKWebViewTests */ = {
			isa = PBXGroup;
			children = (
				CCE92A991B3A84D600A38071 /* AutoPlayInWKWebViewTests.swift */,
				CCE92A971B3A84D600A38071 /* Supporting Files */,
			);
			path = AutoPlayInWKWebViewTests;
			sourceTree = "<group>";
		};
		CCE92A971B3A84D600A38071 /* Supporting Files */ = {
			isa = PBXGroup;
			children = (
				CCE92A981B3A84D600A38071 /* Info.plist */,
			);
			name = "Supporting Files";
			sourceTree = "<group>";
		};
/* End PBXGroup section */

/* Begin PBXNativeTarget section */
		CCE92A7D1B3A84D600A38071 /* AutoPlayInWKWebView */ = {
			isa = PBXNativeTarget;
			buildConfigurationList = CCE92A9D1B3A84D600A38071 /* Build configuration list for PBXNativeTarget "AutoPlayInWKWebView" */;
			buildPhases = (
				CCE92A7A1B3A84D600A38071 /* Sources */,
				CCE92A7B1B3A84D600A38071 /* Frameworks */,
				CCE92A7C1B3A84D600A38071 /* Resources */,
			);
			buildRules = (
			);
			dependencies = (
			);
			name = AutoPlayInWKWebView;
			productName = AutoPlayInWKWebView;
			productReference = CCE92A7E1B3A84D600A38071 /* AutoPlayInWKWebView.app */;
			productType = "com.apple.product-type.application";
		};
		CCE92A921B3A84D600A38071 /* AutoPlayInWKWebViewTests */ = {
			isa = PBXNativeTarget;
			buildConfigurationList = CCE92AA01B3A84D600A38071 /* Build configuration list for PBXNativeTarget "AutoPlayInWKWebViewTests" */;
			buildPhases = (
				CCE92A8F1B3A84D600A38071 /* Sources */,
				CCE92A901B3A84D600A38071 /* Frameworks */,
				CCE92A911B3A84D600A38071 /* Resources */,
			);
			buildRules = (
			);
			dependencies = (
				CCE92A951B3A84D600A38071 /* PBXTargetDependency */,
			);
			name = AutoPlayInWKWebViewTests;
			productName = AutoPlayInWKWebViewTests;
			productReference = CCE92A931B3A84D600A38071 /* AutoPlayInWKWebViewTests.xctest */;
			productType = "com.apple.product-type.bundle.unit-test";
		};
/* End PBXNativeTarget section */

/* Begin PBXProject section */
		CCE92A761B3A84D600A38071 /* Project object */ = {
			isa = PBXProject;
			attributes = {
				LastUpgradeCheck = 0630;
				ORGANIZATIONNAME = "Tetsuya Shiraishi";
				TargetAttributes = {
					CCE92A7D1B3A84D600A38071 = {
						CreatedOnToolsVersion = 6.3.1;
					};
					CCE92A921B3A84D600A38071 = {
						CreatedOnToolsVersion = 6.3.1;
						TestTargetID = CCE92A7D1B3A84D600A38071;
					};
				};
			};
			buildConfigurationList = CCE92A791B3A84D600A38071 /* Build configuration list for PBXProject "AutoPlayInWKWebView" */;
			compatibilityVersion = "Xcode 3.2";
			developmentRegion = English;
			hasScannedForEncodings = 0;
			knownRegions = (
				en,
				Base,
			);
			mainGroup = CCE92A751B3A84D600A38071;
			productRefGroup = CCE92A7F1B3A84D600A38071 /* Products */;
			projectDirPath = "";
			projectRoot = "";
			targets = (
				CCE92A7D1B3A84D600A38071 /* AutoPlayInWKWebView */,
				CCE92A921B3A84D600A38071 /* AutoPlayInWKWebViewTests */,
			);
		};
/* End PBXProject section */

/* Begin PBXResourcesBuildPhase section */
		CCE92A7C1B3A84D600A38071 /* Resources */ = {
			isa = PBXResourcesBuildPhase;
			buildActionMask = 2147483647;
			files = (
				CCE92A891B3A84D600A38071 /* Main.storyboard in Resources */,
				CCE92A8E1B3A84D600A38071 /* LaunchScreen.xib in Resources */,
				CCE92AA91B3A869000A38071 /* sound in Resources */,
				CCE92A8B1B3A84D600A38071 /* Images.xcassets in Resources */,
			);
			runOnlyForDeploymentPostprocessing = 0;
		};
		CCE92A911B3A84D600A38071 /* Resources */ = {
			isa = PBXResourcesBuildPhase;
			buildActionMask = 2147483647;
			files = (
			);
			runOnlyForDeploymentPostprocessing = 0;
		};
/* End PBXResourcesBuildPhase section */

/* Begin PBXSourcesBuildPhase section */
		CCE92A7A1B3A84D600A38071 /* Sources */ = {
			isa = PBXSourcesBuildPhase;
			buildActionMask = 2147483647;
			files = (
				CCE92A861B3A84D600A38071 /* ViewController.swift in Sources */,
				CCE92A841B3A84D600A38071 /* AppDelegate.swift in Sources */,
			);
			runOnlyForDeploymentPostprocessing = 0;
		};
		CCE92A8F1B3A84D600A38071 /* Sources */ = {
			isa = PBXSourcesBuildPhase;
			buildActionMask = 2147483647;
			files = (
				CCE92A9A1B3A84D600A38071 /* AutoPlayInWKWebViewTests.swift in Sources */,
			);
			runOnlyForDeploymentPostprocessing = 0;
		};
/* End PBXSourcesBuildPhase section */

/* Begin PBXTargetDependency section */
		CCE92A951B3A84D600A38071 /* PBXTargetDependency */ = {
			isa = PBXTargetDependency;
			target = CCE92A7D1B3A84D600A38071 /* AutoPlayInWKWebView */;
			targetProxy = CCE92A941B3A84D600A38071 /* PBXContainerItemProxy */;
		};
/* End PBXTargetDependency section */

/* Begin PBXVariantGroup section */
		CCE92A871B3A84D600A38071 /* Main.storyboard */ = {
			isa = PBXVariantGroup;
			children = (
				CCE92A881B3A84D600A38071 /* Base */,
			);
			name = Main.storyboard;
			sourceTree = "<group>";
		};
		CCE92A8C1B3A84D600A38071 /* LaunchScreen.xib */ = {
			isa = PBXVariantGroup;
			children = (
				CCE92A8D1B3A84D600A38071 /* Base */,
			);
			name = LaunchScreen.xib;
			sourceTree = "<group>";
		};
/* End PBXVariantGroup section */

/* Begin XCBuildConfiguration section */
		CCE92A9B1B3A84D600A38071 /* Debug */ = {
			isa = XCBuildConfiguration;
			buildSettings = {
				ALWAYS_SEARCH_USER_PATHS = NO;
				CLANG_CXX_LANGUAGE_STANDARD = "gnu++0x";
				CLANG_CXX_LIBRARY = "libc++";
				CLANG_ENABLE_MODULES = YES;
				CLANG_ENABLE_OBJC_ARC = YES;
				CLANG_WARN_BOOL_CONVERSION = YES;
				CLANG_WARN_CONSTANT_CONVERSION = YES;
				CLANG_WARN_DIRECT_OBJC_ISA_USAGE = YES_ERROR;
				CLANG_WARN_EMPTY_BODY = YES;
				CLANG_WARN_ENUM_CONVERSION = YES;
				CLANG_WARN_INT_CONVERSION = YES;
				CLANG_WARN_OBJC_ROOT_CLASS = YES_ERROR;
				CLANG_WARN_UNREACHABLE_CODE = YES;
				CLANG_WARN__DUPLICATE_METHOD_MATCH = YES;
				"CODE_SIGN_IDENTITY[sdk=iphoneos*]" = "iPhone Developer";
				COPY_PHASE_STRIP = NO;
				DEBUG_INFORMATION_FORMAT = "dwarf-with-dsym";
				ENABLE_STRICT_OBJC_MSGSEND = YES;
				GCC_C_LANGUAGE_STANDARD = gnu99;
				GCC_DYNAMIC_NO_PIC = NO;
				GCC_NO_COMMON_BLOCKS = YES;
				GCC_OPTIMIZATION_LEVEL = 0;
				GCC_PREPROCESSOR_DEFINITIONS = (
					"DEBUG=1",
					"$(inherited)",
				);
				GCC_SYMBOLS_PRIVATE_EXTERN = NO;
				GCC_WARN_64_TO_32_BIT_CONVERSION = YES;
				GCC_WARN_ABOUT_RETURN_TYPE = YES_ERROR;
				GCC_WARN_UNDECLARED_SELECTOR = YES;
				GCC_WARN_UNINITIALIZED_AUTOS = YES_AGGRESSIVE;
				GCC_WARN_UNUSED_FUNCTION = YES;
				GCC_WARN_UNUSED_VARIABLE = YES;
				IPHONEOS_DEPLOYMENT_TARGET = 8.3;
				MTL_ENABLE_DEBUG_INFO = YES;
				ONLY_ACTIVE_ARCH = YES;
				SDKROOT = iphoneos;
				SWIFT_OPTIMIZATION_LEVEL = "-Onone";
				TARGETED_DEVICE_FAMILY = "1,2";
			};
			name = Debug;
		};
		CCE92A9C1B3A84D600A38071 /* Release */ = {
			isa = XCBuildConfiguration;
			buildSettings = {
				ALWAYS_SEARCH_USER_PATHS = NO;
				CLANG_CXX_LANGUAGE_STANDARD = "gnu++0x";
				CLANG_CXX_LIBRARY = "libc++";
				CLANG_ENABLE_MODULES = YES;
				CLANG_ENABLE_OBJC_ARC = YES;
				CLANG_WARN_BOOL_CONVERSION = YES;
				CLANG_WARN_CONSTANT_CONVERSION = YES;
				CLANG_WARN_DIRECT_OBJC_ISA_USAGE = YES_ERROR;
				CLANG_WARN_EMPTY_BODY = YES;
				CLANG_WARN_ENUM_CONVERSION = YES;
				CLANG_WARN_INT_CONVERSION = YES;
				CLANG_WARN_OBJC_ROOT_CLASS = YES_ERROR;
				CLANG_WARN_UNREACHABLE_CODE = YES;
				CLANG_WARN__DUPLICATE_METHOD_MATCH = YES;
				"CODE_SIGN_IDENTITY[sdk=iphoneos*]" = "iPhone Developer";
				COPY_PHASE_STRIP = NO;
				DEBUG_INFORMATION_FORMAT = "dwarf-with-dsym";
				ENABLE_NS_ASSERTIONS = NO;
				ENABLE_STRICT_OBJC_MSGSEND = YES;
				GCC_C_LANGUAGE_STANDARD = gnu99;
				GCC_NO_COMMON_BLOCKS = YES;
				GCC_WARN_64_TO_32_BIT_CONVERSION = YES;
				GCC_WARN_ABOUT_RETURN_TYPE = YES_ERROR;
				GCC_WARN_UNDECLARED_SELECTOR = YES;
				GCC_WARN_UNINITIALIZED_AUTOS = YES_AGGRESSIVE;
				GCC_WARN_UNUSED_FUNCTION = YES;
				GCC_WARN_UNUSED_VARIABLE = YES;
				IPHONEOS_DEPLOYMENT_TARGET = 8.3;
				MTL_ENABLE_DEBUG_INFO = NO;
				SDKROOT = iphoneos;
				TARGETED_DEVICE_FAMILY = "1,2";
				VALIDATE_PRODUCT = YES;
			};
			name = Release;
		};
		CCE92A9E1B3A84D600A38071 /* Debug */ = {
			isa = XCBuildConfiguration;
			buildSettings = {
				ASSETCATALOG_COMPILER_APPICON_NAME = AppIcon;
				INFOPLIST_FILE = AutoPlayInWKWebView/Info.plist;
				LD_RUNPATH_SEARCH_PATHS = "$(inherited) @executable_path/Frameworks";
				PRODUCT_NAME = "$(TARGET_NAME)";
			};
			name = Debug;
		};
		CCE92A9F1B3A84D600A38071 /* Release */ = {
			isa = XCBuildConfiguration;
			buildSettings = {
				ASSETCATALOG_COMPILER_APPICON_NAME = AppIcon;
				INFOPLIST_FILE = AutoPlayInWKWebView/Info.plist;
				LD_RUNPATH_SEARCH_PATHS = "$(inherited) @executable_path/Frameworks";
				PRODUCT_NAME = "$(TARGET_NAME)";
			};
			name = Release;
		};
		CCE92AA11B3A84D600A38071 /* Debug */ = {
			isa = XCBuildConfiguration;
			buildSettings = {
				BUNDLE_LOADER = "$(TEST_HOST)";
				FRAMEWORK_SEARCH_PATHS = (
					"$(SDKROOT)/Developer/Library/Frameworks",
					"$(inherited)",
				);
				GCC_PREPROCESSOR_DEFINITIONS = (
					"DEBUG=1",
					"$(inherited)",
				);
				INFOPLIST_FILE = AutoPlayInWKWebViewTests/Info.plist;
				LD_RUNPATH_SEARCH_PATHS = "$(inherited) @executable_path/Frameworks @loader_path/Frameworks";
				PRODUCT_NAME = "$(TARGET_NAME)";
				TEST_HOST = "$(BUILT_PRODUCTS_DIR)/AutoPlayInWKWebView.app/AutoPlayInWKWebView";
			};
			name = Debug;
		};
		CCE92AA21B3A84D600A38071 /* Release */ = {
			isa = XCBuildConfiguration;
			buildSettings = {
				BUNDLE_LOADER = "$(TEST_HOST)";
				FRAMEWORK_SEARCH_PATHS = (
					"$(SDKROOT)/Developer/Library/Frameworks",
					"$(inherited)",
				);
				INFOPLIST_FILE = AutoPlayInWKWebViewTests/Info.plist;
				LD_RUNPATH_SEARCH_PATHS = "$(inherited) @executable_path/Frameworks @loader_path/Frameworks";
				PRODUCT_NAME = "$(TARGET_NAME)";
				TEST_HOST = "$(BUILT_PRODUCTS_DIR)/AutoPlayInWKWebView.app/AutoPlayInWKWebView";
			};
			name = Release;
		};
/* End XCBuildConfiguration section */

/* Begin XCConfigurationList section */
		CCE92A791B3A84D600A38071 /* Build configuration list for PBXProject "AutoPlayInWKWebView" */ = {
			isa = XCConfigurationList;
			buildConfigurations = (
				CCE92A9B1B3A84D600A38071 /* Debug */,
				CCE92A9C1B3A84D600A38071 /* Release */,
			);
			defaultConfigurationIsVisible = 0;
			defaultConfigurationName = Release;
		};
		CCE92A9D1B3A84D600A38071 /* Build configuration list for PBXNativeTarget "AutoPlayInWKWebView" */ = {
			isa = XCConfigurationList;
			buildConfigurations = (
				CCE92A9E1B3A84D600A38071 /* Debug */,
				CCE92A9F1B3A84D600A38071 /* Release */,
			);
			defaultConfigurationIsVisible = 0;
		};
		CCE92AA01B3A84D600A38071 /* Build configuration list for PBXNativeTarget "AutoPlayInWKWebViewTests" */ = {
			isa = XCConfigurationList;
			buildConfigurations = (
				CCE92AA11B3A84D600A38071 /* Debug */,
				CCE92AA21B3A84D600A38071 /* Release */,
			);
			defaultConfigurationIsVisible = 0;
		};
/* End XCConfigurationList section */
	};
	rootObject = CCE92A761B3A84D600A38071 /* Project object */;
}
